
Microsoft Visual Studio Solution File, Format Version 12.00
# Visual Studio Version 17
VisualStudioVersion = 17.6.33801.468
MinimumVisualStudioVersion = 10.0.40219.1
Project("{FAE04EC0-301F-11D3-BF4B-00C04F79EFBC}") = "CelestialSystem", "CelestialSystem\CelestialSystem.csproj", "{D4101379-88B7-4893-A5DF-8C68DB65F50E}"
EndProject
Global
	GlobalSection(SolutionConfigurationPlatforms) = preSolution
		Debug|Any CPU = Debug|Any CPU
		Release|Any CPU = Release|Any CPU
	EndGlobalSection
	GlobalSection(ProjectConfigurationPlatforms) = postSolution
		{D4101379-88B7-4893-A5DF-8C68DB65F50E}.Debug|Any CPU.ActiveCfg = Debug|Any CPU
		{D4101379-88B7-4893-A5DF-8C68DB65F50E}.Debug|Any CPU.Build.0 = Debug|Any CPU
		{D4101379-88B7-4893-A5DF-8C68DB65F50E}.Release|Any CPU.ActiveCfg = Release|Any CPU
		{D4101379-88B7-4893-A5DF-8C68DB65F50E}.Release|Any CPU.Build.0 = Release|Any CPU
	EndGlobalSection
	GlobalSection(SolutionProperties) = preSolution
		HideSolutionNode = FALSE
	EndGlobalSection
	GlobalSection(ExtensibilityGlobals) = postSolution
		SolutionGuid = {27CB4199-5724-41EF-9728-9BCD2FA98F9D}
	EndGlobalSection
EndGlobal
